// !$*UTF8*$!
{
	archiveVersion = 1;
	classes = {
	};
	objectVersion = 50;
	objects = {

/* Begin PBXBuildFile section */
		5E49207125E2E50900755AF9 /* ShoppingListViewController.swift in Sources */ = {isa = PBXBuildFile; fileRef = 5E49207025E2E50900755AF9 /* ShoppingListViewController.swift */; };
		5E49207425E2E8EF00755AF9 /* ShopListItemsTableViewCell.swift in Sources */ = {isa = PBXBuildFile; fileRef = 5E49207325E2E8EF00755AF9 /* ShopListItemsTableViewCell.swift */; };
		5EB18FF225E1E6F300D6BE0C /* AppDelegate.swift in Sources */ = {isa = PBXBuildFile; fileRef = 5EB18FF125E1E6F300D6BE0C /* AppDelegate.swift */; };
		5EB18FF425E1E6F300D6BE0C /* SceneDelegate.swift in Sources */ = {isa = PBXBuildFile; fileRef = 5EB18FF325E1E6F300D6BE0C /* SceneDelegate.swift */; };
		5EB18FF625E1E6F300D6BE0C /* ViewController.swift in Sources */ = {isa = PBXBuildFile; fileRef = 5EB18FF525E1E6F300D6BE0C /* ViewController.swift */; };
		5EB18FF925E1E6F300D6BE0C /* Main.storyboard in Resources */ = {isa = PBXBuildFile; fileRef = 5EB18FF725E1E6F300D6BE0C /* Main.storyboard */; };
		5EB18FFB25E1E6F500D6BE0C /* Assets.xcassets in Resources */ = {isa = PBXBuildFile; fileRef = 5EB18FFA25E1E6F500D6BE0C /* Assets.xcassets */; };
		5EB18FFE25E1E6F500D6BE0C /* LaunchScreen.storyboard in Resources */ = {isa = PBXBuildFile; fileRef = 5EB18FFC25E1E6F500D6BE0C /* LaunchScreen.storyboard */; };
		5EB1900725E1E85C00D6BE0C /* HorizCategoryCollectionViewCell.swift in Sources */ = {isa = PBXBuildFile; fileRef = 5EB1900625E1E85C00D6BE0C /* HorizCategoryCollectionViewCell.swift */; };
		5EB1900A25E1EEBB00D6BE0C /* InventoryCollectionViewCell.swift in Sources */ = {isa = PBXBuildFile; fileRef = 5EB1900925E1EEBB00D6BE0C /* InventoryCollectionViewCell.swift */; };
		5EB1900D25E1F9E600D6BE0C /* AddItemViewController.swift in Sources */ = {isa = PBXBuildFile; fileRef = 5EB1900C25E1F9E600D6BE0C /* AddItemViewController.swift */; };
/* End PBXBuildFile section */

/* Begin PBXFileReference section */
		5E49207025E2E50900755AF9 /* ShoppingListViewController.swift */ = {isa = PBXFileReference; lastKnownFileType = sourcecode.swift; path = ShoppingListViewController.swift; sourceTree = "<group>"; };
		5E49207325E2E8EF00755AF9 /* ShopListItemsTableViewCell.swift */ = {isa = PBXFileReference; lastKnownFileType = sourcecode.swift; path = ShopListItemsTableViewCell.swift; sourceTree = "<group>"; };
		5EB18FEE25E1E6F300D6BE0C /* CodePath-Proj2.app */ = {isa = PBXFileReference; explicitFileType = wrapper.application; includeInIndex = 0; path = "CodePath-Proj2.app"; sourceTree = BUILT_PRODUCTS_DIR; };
		5EB18FF125E1E6F300D6BE0C /* AppDelegate.swift */ = {isa = PBXFileReference; lastKnownFileType = sourcecode.swift; path = AppDelegate.swift; sourceTree = "<group>"; };
		5EB18FF325E1E6F300D6BE0C /* SceneDelegate.swift */ = {isa = PBXFileReference; lastKnownFileType = sourcecode.swift; path = SceneDelegate.swift; sourceTree = "<group>"; };
		5EB18FF525E1E6F300D6BE0C /* ViewController.swift */ = {isa = PBXFileReference; lastKnownFileType = sourcecode.swift; path = ViewController.swift; sourceTree = "<group>"; };
		5EB18FF825E1E6F300D6BE0C /* Base */ = {isa = PBXFileReference; lastKnownFileType = file.storyboard; name = Base; path = Base.lproj/Main.storyboard; sourceTree = "<group>"; };
		5EB18FFA25E1E6F500D6BE0C /* Assets.xcassets */ = {isa = PBXFileReference; lastKnownFileType = folder.assetcatalog; path = Assets.xcassets; sourceTree = "<group>"; };
		5EB18FFD25E1E6F500D6BE0C /* Base */ = {isa = PBXFileReference; lastKnownFileType = file.storyboard; name = Base; path = Base.lproj/LaunchScreen.storyboard; sourceTree = "<group>"; };
		5EB18FFF25E1E6F500D6BE0C /* Info.plist */ = {isa = PBXFileReference; lastKnownFileType = text.plist.xml; path = Info.plist; sourceTree = "<group>"; };
		5EB1900625E1E85C00D6BE0C /* HorizCategoryCollectionViewCell.swift */ = {isa = PBXFileReference; lastKnownFileType = sourcecode.swift; path = HorizCategoryCollectionViewCell.swift; sourceTree = "<group>"; };
		5EB1900925E1EEBB00D6BE0C /* InventoryCollectionViewCell.swift */ = {isa = PBXFileReference; lastKnownFileType = sourcecode.swift; path = InventoryCollectionViewCell.swift; sourceTree = "<group>"; };
		5EB1900C25E1F9E600D6BE0C /* AddItemViewController.swift */ = {isa = PBXFileReference; lastKnownFileType = sourcecode.swift; path = AddItemViewController.swift; sourceTree = "<group>"; };
/* End PBXFileReference section */

/* Begin PBXFrameworksBuildPhase section */
		5EB18FEB25E1E6F300D6BE0C /* Frameworks */ = {
			isa = PBXFrameworksBuildPhase;
			buildActionMask = 2147483647;
			files = (
			);
			runOnlyForDeploymentPostprocessing = 0;
		};
/* End PBXFrameworksBuildPhase section */

/* Begin PBXGroup section */
		5EB18FE525E1E6F300D6BE0C = {
			isa = PBXGroup;
			children = (
				5EB18FF025E1E6F300D6BE0C /* CodePath-Proj2 */,
				5EB18FEF25E1E6F300D6BE0C /* Products */,
			);
			sourceTree = "<group>";
		};
		5EB18FEF25E1E6F300D6BE0C /* Products */ = {
			isa = PBXGroup;
			children = (
				5EB18FEE25E1E6F300D6BE0C /* CodePath-Proj2.app */,
			);
			name = Products;
			sourceTree = "<group>";
		};
		5EB18FF025E1E6F300D6BE0C /* CodePath-Proj2 */ = {
			isa = PBXGroup;
			children = (
				5EB18FF125E1E6F300D6BE0C /* AppDelegate.swift */,
				5EB18FF325E1E6F300D6BE0C /* SceneDelegate.swift */,
				5EB18FF525E1E6F300D6BE0C /* ViewController.swift */,
				5EB18FF725E1E6F300D6BE0C /* Main.storyboard */,
				5EB18FFA25E1E6F500D6BE0C /* Assets.xcassets */,
				5EB18FFC25E1E6F500D6BE0C /* LaunchScreen.storyboard */,
				5EB18FFF25E1E6F500D6BE0C /* Info.plist */,
				5EB1900625E1E85C00D6BE0C /* HorizCategoryCollectionViewCell.swift */,
				5EB1900925E1EEBB00D6BE0C /* InventoryCollectionViewCell.swift */,
				5EB1900C25E1F9E600D6BE0C /* AddItemViewController.swift */,
				5E49207025E2E50900755AF9 /* ShoppingListViewController.swift */,
				5E49207325E2E8EF00755AF9 /* ShopListItemsTableViewCell.swift */,
			);
			path = "CodePath-Proj2";
			sourceTree = "<group>";
		};
/* End PBXGroup section */

/* Begin PBXNativeTarget section */
		5EB18FED25E1E6F300D6BE0C /* CodePath-Proj2 */ = {
			isa = PBXNativeTarget;
			buildConfigurationList = 5EB1900225E1E6F500D6BE0C /* Build configuration list for PBXNativeTarget "CodePath-Proj2" */;
			buildPhases = (
				5EB18FEA25E1E6F300D6BE0C /* Sources */,
				5EB18FEB25E1E6F300D6BE0C /* Frameworks */,
				5EB18FEC25E1E6F300D6BE0C /* Resources */,
			);
			buildRules = (
			);
			dependencies = (
			);
			name = "CodePath-Proj2";
			productName = "CodePath-Proj2";
			productReference = 5EB18FEE25E1E6F300D6BE0C /* CodePath-Proj2.app */;
			productType = "com.apple.product-type.application";
		};
/* End PBXNativeTarget section */

/* Begin PBXProject section */
		5EB18FE625E1E6F300D6BE0C /* Project object */ = {
			isa = PBXProject;
			attributes = {
				LastSwiftUpdateCheck = 1220;
				LastUpgradeCheck = 1220;
				TargetAttributes = {
					5EB18FED25E1E6F300D6BE0C = {
						CreatedOnToolsVersion = 12.2;
					};
				};
			};
			buildConfigurationList = 5EB18FE925E1E6F300D6BE0C /* Build configuration list for PBXProject "CodePath-Proj2" */;
			compatibilityVersion = "Xcode 9.3";
			developmentRegion = en;
			hasScannedForEncodings = 0;
			knownRegions = (
				en,
				Base,
			);
			mainGroup = 5EB18FE525E1E6F300D6BE0C;
			productRefGroup = 5EB18FEF25E1E6F300D6BE0C /* Products */;
			projectDirPath = "";
			projectRoot = "";
			targets = (
				5EB18FED25E1E6F300D6BE0C /* CodePath-Proj2 */,
			);
		};
/* End PBXProject section */

/* Begin PBXResourcesBuildPhase section */
		5EB18FEC25E1E6F300D6BE0C /* Resources */ = {
			isa = PBXResourcesBuildPhase;
			buildActionMask = 2147483647;
			files = (
				5EB18FFE25E1E6F500D6BE0C /* LaunchScreen.storyboard in Resources */,
				5EB18FFB25E1E6F500D6BE0C /* Assets.xcassets in Resources */,
				5EB18FF925E1E6F300D6BE0C /* Main.storyboard in Resources */,
			);
			runOnlyForDeploymentPostprocessing = 0;
		};
/* End PBXResourcesBuildPhase section */

/* Begin PBXSourcesBuildPhase section */
		5EB18FEA25E1E6F300D6BE0C /* Sources */ = {
			isa = PBXSourcesBuildPhase;
			buildActionMask = 2147483647;
			files = (
				5EB18FF625E1E6F300D6BE0C /* ViewController.swift in Sources */,
				5EB1900725E1E85C00D6BE0C /* HorizCategoryCollectionViewCell.swift in Sources */,
				5EB18FF225E1E6F300D6BE0C /* AppDelegate.swift in Sources */,
				5E49207125E2E50900755AF9 /* ShoppingListViewController.swift in Sources */,
				5E49207425E2E8EF00755AF9 /* ShopListItemsTableViewCell.swift in Sources */,
				5EB1900A25E1EEBB00D6BE0C /* InventoryCollectionViewCell.swift in Sources */,
				5EB18FF425E1E6F300D6BE0C /* SceneDelegate.swift in Sources */,
				5EB1900D25E1F9E600D6BE0C /* AddItemViewController.swift in Sources */,
			);
			runOnlyForDeploymentPostprocessing = 0;
		};
/* End PBXSourcesBuildPhase section */

/* Begin PBXVariantGroup section */
		5EB18FF725E1E6F300D6BE0C /* Main.storyboard */ = {
			isa = PBXVariantGroup;
			children = (
				5EB18FF825E1E6F300D6BE0C /* Base */,
			);
			name = Main.storyboard;
			sourceTree = "<group>";
		};
		5EB18FFC25E1E6F500D6BE0C /* LaunchScreen.storyboard */ = {
			isa = PBXVariantGroup;
			children = (
				5EB18FFD25E1E6F500D6BE0C /* Base */,
			);
			name = LaunchScreen.storyboard;
			sourceTree = "<group>";
		};
/* End PBXVariantGroup section */

/* Begin XCBuildConfiguration section */
		5EB1900025E1E6F500D6BE0C /* Debug */ = {
			isa = XCBuildConfiguration;
			buildSettings = {
				ALWAYS_SEARCH_USER_PATHS = NO;
				CLANG_ANALYZER_NONNULL = YES;
				CLANG_ANALYZER_NUMBER_OBJECT_CONVERSION = YES_AGGRESSIVE;
				CLANG_CXX_LANGUAGE_STANDARD = "gnu++14";
				CLANG_CXX_LIBRARY = "libc++";
				CLANG_ENABLE_MODULES = YES;
				CLANG_ENABLE_OBJC_ARC = YES;
				CLANG_ENABLE_OBJC_WEAK = YES;
				CLANG_WARN_BLOCK_CAPTURE_AUTORELEASING = YES;
				CLANG_WARN_BOOL_CONVERSION = YES;
				CLANG_WARN_COMMA = YES;
				CLANG_WARN_CONSTANT_CONVERSION = YES;
				CLANG_WARN_DEPRECATED_OBJC_IMPLEMENTATIONS = YES;
				CLANG_WARN_DIRECT_OBJC_ISA_USAGE = YES_ERROR;
				CLANG_WARN_DOCUMENTATION_COMMENTS = YES;
				CLANG_WARN_EMPTY_BODY = YES;
				CLANG_WARN_ENUM_CONVERSION = YES;
				CLANG_WARN_INFINITE_RECURSION = YES;
				CLANG_WARN_INT_CONVERSION = YES;
				CLANG_WARN_NON_LITERAL_NULL_CONVERSION = YES;
				CLANG_WARN_OBJC_IMPLICIT_RETAIN_SELF = YES;
				CLANG_WARN_OBJC_LITERAL_CONVERSION = YES;
				CLANG_WARN_OBJC_ROOT_CLASS = YES_ERROR;
				CLANG_WARN_QUOTED_INCLUDE_IN_FRAMEWORK_HEADER = YES;
				CLANG_WARN_RANGE_LOOP_ANALYSIS = YES;
				CLANG_WARN_STRICT_PROTOTYPES = YES;
				CLANG_WARN_SUSPICIOUS_MOVE = YES;
				CLANG_WARN_UNGUARDED_AVAILABILITY = YES_AGGRESSIVE;
				CLANG_WARN_UNREACHABLE_CODE = YES;
				CLANG_WARN__DUPLICATE_METHOD_MATCH = YES;
				COPY_PHASE_STRIP = NO;
				DEBUG_INFORMATION_FORMAT = dwarf;
				ENABLE_STRICT_OBJC_MSGSEND = YES;
				ENABLE_TESTABILITY = YES;
				GCC_C_LANGUAGE_STANDARD = gnu11;
				GCC_DYNAMIC_NO_PIC = NO;
				GCC_NO_COMMON_BLOCKS = YES;
				GCC_OPTIMIZATION_LEVEL = 0;
				GCC_PREPROCESSOR_DEFINITIONS = (
					"DEBUG=1",
					"$(inherited)",
				);
				GCC_WARN_64_TO_32_BIT_CONVERSION = YES;
				GCC_WARN_ABOUT_RETURN_TYPE = YES_ERROR;
				GCC_WARN_UNDECLARED_SELECTOR = YES;
				GCC_WARN_UNINITIALIZED_AUTOS = YES_AGGRESSIVE;
				GCC_WARN_UNUSED_FUNCTION = YES;
				GCC_WARN_UNUSED_VARIABLE = YES;
				IPHONEOS_DEPLOYMENT_TARGET = 14.2;
				MTL_ENABLE_DEBUG_INFO = INCLUDE_SOURCE;
				MTL_FAST_MATH = YES;
				ONLY_ACTIVE_ARCH = YES;
				SDKROOT = iphoneos;
				SWIFT_ACTIVE_COMPILATION_CONDITIONS = DEBUG;
				SWIFT_OPTIMIZATION_LEVEL = "-Onone";
			};
			name = Debug;
		};
		5EB1900125E1E6F500D6BE0C /* Release */ = {
			isa = XCBuildConfiguration;
			buildSettings = {
				ALWAYS_SEARCH_USER_PATHS = NO;
				CLANG_ANALYZER_NONNULL = YES;
				CLANG_ANALYZER_NUMBER_OBJECT_CONVERSION = YES_AGGRESSIVE;
				CLANG_CXX_LANGUAGE_STANDARD = "gnu++14";
				CLANG_CXX_LIBRARY = "libc++";
				CLANG_ENABLE_MODULES = YES;
				CLANG_ENABLE_OBJC_ARC = YES;
				CLANG_ENABLE_OBJC_WEAK = YES;
				CLANG_WARN_BLOCK_CAPTURE_AUTORELEASING = YES;
				CLANG_WARN_BOOL_CONVERSION = YES;
				CLANG_WARN_COMMA = YES;
				CLANG_WARN_CONSTANT_CONVERSION = YES;
				CLANG_WARN_DEPRECATED_OBJC_IMPLEMENTATIONS = YES;
				CLANG_WARN_DIRECT_OBJC_ISA_USAGE = YES_ERROR;
				CLANG_WARN_DOCUMENTATION_COMMENTS = YES;
				CLANG_WARN_EMPTY_BODY = YES;
				CLANG_WARN_ENUM_CONVERSION = YES;
				CLANG_WARN_INFINITE_RECURSION = YES;
				CLANG_WARN_INT_CONVERSION = YES;
				CLANG_WARN_NON_LITERAL_NULL_CONVERSION = YES;
				CLANG_WARN_OBJC_IMPLICIT_RETAIN_SELF = YES;
				CLANG_WARN_OBJC_LITERAL_CONVERSION = YES;
				CLANG_WARN_OBJC_ROOT_CLASS = YES_ERROR;
				CLANG_WARN_QUOTED_INCLUDE_IN_FRAMEWORK_HEADER = YES;
				CLANG_WARN_RANGE_LOOP_ANALYSIS = YES;
				CLANG_WARN_STRICT_PROTOTYPES = YES;
				CLANG_WARN_SUSPICIOUS_MOVE = YES;
				CLANG_WARN_UNGUARDED_AVAILABILITY = YES_AGGRESSIVE;
				CLANG_WARN_UNREACHABLE_CODE = YES;
				CLANG_WARN__DUPLICATE_METHOD_MATCH = YES;
				COPY_PHASE_STRIP = NO;
				DEBUG_INFORMATION_FORMAT = "dwarf-with-dsym";
				ENABLE_NS_ASSERTIONS = NO;
				ENABLE_STRICT_OBJC_MSGSEND = YES;
				GCC_C_LANGUAGE_STANDARD = gnu11;
				GCC_NO_COMMON_BLOCKS = YES;
				GCC_WARN_64_TO_32_BIT_CONVERSION = YES;
				GCC_WARN_ABOUT_RETURN_TYPE = YES_ERROR;
				GCC_WARN_UNDECLARED_SELECTOR = YES;
				GCC_WARN_UNINITIALIZED_AUTOS = YES_AGGRESSIVE;
				GCC_WARN_UNUSED_FUNCTION = YES;
				GCC_WARN_UNUSED_VARIABLE = YES;
				IPHONEOS_DEPLOYMENT_TARGET = 14.2;
				MTL_ENABLE_DEBUG_INFO = NO;
				MTL_FAST_MATH = YES;
				SDKROOT = iphoneos;
				SWIFT_COMPILATION_MODE = wholemodule;
				SWIFT_OPTIMIZATION_LEVEL = "-O";
				VALIDATE_PRODUCT = YES;
			};
			name = Release;
		};
		5EB1900325E1E6F500D6BE0C /* Debug */ = {
			isa = XCBuildConfiguration;
			buildSettings = {
				ASSETCATALOG_COMPILER_APPICON_NAME = AppIcon;
				ASSETCATALOG_COMPILER_GLOBAL_ACCENT_COLOR_NAME = AccentColor;
				CODE_SIGN_STYLE = Automatic;
				DEVELOPMENT_TEAM = 6VPT56SGS7;
				INFOPLIST_FILE = "CodePath-Proj2/Info.plist";
				LD_RUNPATH_SEARCH_PATHS = (
					"$(inherited)",
					"@executable_path/Frameworks",
				);
				PRODUCT_BUNDLE_IDENTIFIER = "com.AlexisEdwards.CodePath-Proj2";
				PRODUCT_NAME = "$(TARGET_NAME)";
				SWIFT_VERSION = 5.0;
				TARGETED_DEVICE_FAMILY = "1,2";
			};
			name = Debug;
		};
		5EB1900425E1E6F500D6BE0C /* Release */ = {
			isa = XCBuildConfiguration;
			buildSettings = {
				ASSETCATALOG_COMPILER_APPICON_NAME = AppIcon;
				ASSETCATALOG_COMPILER_GLOBAL_ACCENT_COLOR_NAME = AccentColor;
				CODE_SIGN_STYLE = Automatic;
				DEVELOPMENT_TEAM = 6VPT56SGS7;
				INFOPLIST_FILE = "CodePath-Proj2/Info.plist";
				LD_RUNPATH_SEARCH_PATHS = (
					"$(inherited)",
					"@executable_path/Frameworks",
				);
				PRODUCT_BUNDLE_IDENTIFIER = "com.AlexisEdwards.CodePath-Proj2";
				PRODUCT_NAME = "$(TARGET_NAME)";
				SWIFT_VERSION = 5.0;
				TARGETED_DEVICE_FAMILY = "1,2";
			};
			name = Release;
		};
/* End XCBuildConfiguration section */

/* Begin XCConfigurationList section */
		5EB18FE925E1E6F300D6BE0C /* Build configuration list for PBXProject "CodePath-Proj2" */ = {
			isa = XCConfigurationList;
			buildConfigurations = (
				5EB1900025E1E6F500D6BE0C /* Debug */,
				5EB1900125E1E6F500D6BE0C /* Release */,
			);
			defaultConfigurationIsVisible = 0;
			defaultConfigurationName = Release;
		};
		5EB1900225E1E6F500D6BE0C /* Build configuration list for PBXNativeTarget "CodePath-Proj2" */ = {
			isa = XCConfigurationList;
			buildConfigurations = (
				5EB1900325E1E6F500D6BE0C /* Debug */,
				5EB1900425E1E6F500D6BE0C /* Release */,
			);
			defaultConfigurationIsVisible = 0;
			defaultConfigurationName = Release;
		};
/* End XCConfigurationList section */
	};
	rootObject = 5EB18FE625E1E6F300D6BE0C /* Project object */;
}
